
Microsoft Visual Studio Solution File, Format Version 12.00
# Visual Studio Version 17
VisualStudioVersion = 17.14.36408.4
MinimumVisualStudioVersion = 10.0.40219.1
Project("{2150E333-8FDC-42A3-9474-1A3956D46DE8}") = "1. Enterprise Business Rules", "1. Enterprise Business Rules", "{02EA681E-C7D8-13C7-8484-4AC65E1B71E8}"
EndProject
Project("{2150E333-8FDC-42A3-9474-1A3956D46DE8}") = "2. Application Business Rules", "2. Application Business Rules", "{C23AA726-75C7-44F3-9C86-CF30073D180C}"
EndProject
Project("{2150E333-8FDC-42A3-9474-1A3956D46DE8}") = "3. Interface Adapters", "3. Interface Adapters", "{C819B86A-A4AE-4B03-AC1D-4051E1328B75}"
EndProject
Project("{2150E333-8FDC-42A3-9474-1A3956D46DE8}") = "4. Frameworks And Drivers", "4. Frameworks And Drivers", "{CC2461BF-84E5-4B4A-9C5F-C099C55B777A}"
EndProject
Project("{FAE04EC0-301F-11D3-BF4B-00C04F79EFBC}") = "NorthWind.Sales.Entities", "NorthWind.Sales.Entities\NorthWind.Sales.Entities.csproj", "{88A8D1ED-CAA2-446A-AA2F-6ECBD1F70F86}"
EndProject
Global
	GlobalSection(SolutionConfigurationPlatforms) = preSolution
		Debug|Any CPU = Debug|Any CPU
		Release|Any CPU = Release|Any CPU
	EndGlobalSection
	GlobalSection(ProjectConfigurationPlatforms) = postSolution
		{88A8D1ED-CAA2-446A-AA2F-6ECBD1F70F86}.Debug|Any CPU.ActiveCfg = Debug|Any CPU
		{88A8D1ED-CAA2-446A-AA2F-6ECBD1F70F86}.Debug|Any CPU.Build.0 = Debug|Any CPU
		{88A8D1ED-CAA2-446A-AA2F-6ECBD1F70F86}.Release|Any CPU.ActiveCfg = Release|Any CPU
		{88A8D1ED-CAA2-446A-AA2F-6ECBD1F70F86}.Release|Any CPU.Build.0 = Release|Any CPU
	EndGlobalSection
	GlobalSection(SolutionProperties) = preSolution
		HideSolutionNode = FALSE
	EndGlobalSection
	GlobalSection(NestedProjects) = preSolution
		{88A8D1ED-CAA2-446A-AA2F-6ECBD1F70F86} = {02EA681E-C7D8-13C7-8484-4AC65E1B71E8}
	EndGlobalSection
	GlobalSection(ExtensibilityGlobals) = postSolution
		SolutionGuid = {136687EC-1738-4FC4-9708-15B5FFBD343A}
	EndGlobalSection
EndGlobal
